
Microsoft Visual Studio Solution File, Format Version 12.00
# Visual Studio Version 16
VisualStudioVersion = 16.0.31410.357
MinimumVisualStudioVersion = 10.0.40219.1
Project("{FAE04EC0-301F-11D3-BF4B-00C04F79EFBC}") = "DOCUMENTATION.CORE", "DOCUMENTATION.CORE\DOCUMENTATION.CORE.csproj", "{FA7B4B54-7314-47CD-B0F1-935D3F469B91}"
EndProject
Project("{FAE04EC0-301F-11D3-BF4B-00C04F79EFBC}") = "DOCUMENTATION.APPLICATION", "DOCUMENTATION.APPLICATION\DOCUMENTATION.APPLICATION.csproj", "{60ECD3A3-84DB-4601-A7F7-13D8C1B52A6D}"
EndProject
Project("{FAE04EC0-301F-11D3-BF4B-00C04F79EFBC}") = "DOCUMENTATION.IOC", "DOCUMENTATION.IOC\DOCUMENTATION.IOC.csproj", "{92F9B10F-EDAD-4CB0-B169-53F37D60AD5F}"
EndProject
Project("{FAE04EC0-301F-11D3-BF4B-00C04F79EFBC}") = "DOCUMENTATION.INFRASTRUCTURE", "DOCUMENTATION.INFRASTRUCTURE\DOCUMENTATION.INFRASTRUCTURE.csproj", "{DE920FDA-AFC5-4FD5-A13A-6577F2162BD9}"
EndProject
Project("{FAE04EC0-301F-11D3-BF4B-00C04F79EFBC}") = "DOCUMENTATION.API", "DOCUMENTATION.API\DOCUMENTATION.API.csproj", "{E81367E8-BF5A-4710-8B57-C2107A143E20}"
EndProject
Global
	GlobalSection(SolutionConfigurationPlatforms) = preSolution
		Debug|Any CPU = Debug|Any CPU
		Release|Any CPU = Release|Any CPU
	EndGlobalSection
	GlobalSection(ProjectConfigurationPlatforms) = postSolution
		{FA7B4B54-7314-47CD-B0F1-935D3F469B91}.Debug|Any CPU.ActiveCfg = Debug|Any CPU
		{FA7B4B54-7314-47CD-B0F1-935D3F469B91}.Debug|Any CPU.Build.0 = Debug|Any CPU
		{FA7B4B54-7314-47CD-B0F1-935D3F469B91}.Release|Any CPU.ActiveCfg = Release|Any CPU
		{FA7B4B54-7314-47CD-B0F1-935D3F469B91}.Release|Any CPU.Build.0 = Release|Any CPU
		{60ECD3A3-84DB-4601-A7F7-13D8C1B52A6D}.Debug|Any CPU.ActiveCfg = Debug|Any CPU
		{60ECD3A3-84DB-4601-A7F7-13D8C1B52A6D}.Debug|Any CPU.Build.0 = Debug|Any CPU
		{60ECD3A3-84DB-4601-A7F7-13D8C1B52A6D}.Release|Any CPU.ActiveCfg = Release|Any CPU
		{60ECD3A3-84DB-4601-A7F7-13D8C1B52A6D}.Release|Any CPU.Build.0 = Release|Any CPU
		{92F9B10F-EDAD-4CB0-B169-53F37D60AD5F}.Debug|Any CPU.ActiveCfg = Debug|Any CPU
		{92F9B10F-EDAD-4CB0-B169-53F37D60AD5F}.Debug|Any CPU.Build.0 = Debug|Any CPU
		{92F9B10F-EDAD-4CB0-B169-53F37D60AD5F}.Release|Any CPU.ActiveCfg = Release|Any CPU
		{92F9B10F-EDAD-4CB0-B169-53F37D60AD5F}.Release|Any CPU.Build.0 = Release|Any CPU
		{DE920FDA-AFC5-4FD5-A13A-6577F2162BD9}.Debug|Any CPU.ActiveCfg = Debug|Any CPU
		{DE920FDA-AFC5-4FD5-A13A-6577F2162BD9}.Debug|Any CPU.Build.0 = Debug|Any CPU
		{DE920FDA-AFC5-4FD5-A13A-6577F2162BD9}.Release|Any CPU.ActiveCfg = Release|Any CPU
		{DE920FDA-AFC5-4FD5-A13A-6577F2162BD9}.Release|Any CPU.Build.0 = Release|Any CPU
		{E81367E8-BF5A-4710-8B57-C2107A143E20}.Debug|Any CPU.ActiveCfg = Debug|Any CPU
		{E81367E8-BF5A-4710-8B57-C2107A143E20}.Debug|Any CPU.Build.0 = Debug|Any CPU
		{E81367E8-BF5A-4710-8B57-C2107A143E20}.Release|Any CPU.ActiveCfg = Release|Any CPU
		{E81367E8-BF5A-4710-8B57-C2107A143E20}.Release|Any CPU.Build.0 = Release|Any CPU
	EndGlobalSection
	GlobalSection(SolutionProperties) = preSolution
		HideSolutionNode = FALSE
	EndGlobalSection
	GlobalSection(ExtensibilityGlobals) = postSolution
		SolutionGuid = {5B0475CB-F857-4939-A1C9-63E150454C16}
	EndGlobalSection
EndGlobal
